
Microsoft Visual Studio Solution File, Format Version 12.00
# Visual Studio 15
Project("{FAE04EC0-301F-11D3-BF4B-00C04F79EFBC}") = "UnityEngine.UI", "UnityEngine.UI.csproj", "{A1CF9357-E3D3-2976-1022-CEA993FBC304}"
EndProject
Project("{FAE04EC0-301F-11D3-BF4B-00C04F79EFBC}") = "Assembly-CSharp", "Assembly-CSharp.csproj", "{C45E22FE-FC94-A77F-2686-9357250E95C0}"
EndProject
Project("{FAE04EC0-301F-11D3-BF4B-00C04F79EFBC}") = "Assembly-CSharp-Editor", "Assembly-CSharp-Editor.csproj", "{788F25AD-BB96-57C0-F930-ED83050AA3E9}"
EndProject
Project("{FAE04EC0-301F-11D3-BF4B-00C04F79EFBC}") = "UnityEditor.UI", "UnityEditor.UI.csproj", "{542CBCF3-CEC2-C27B-1B16-A0280BD6C981}"
EndProject
Global
	GlobalSection(SolutionConfigurationPlatforms) = preSolution
		Debug|Any CPU = Debug|Any CPU
		Release|Any CPU = Release|Any CPU
	EndGlobalSection
	GlobalSection(ProjectConfigurationPlatforms) = postSolution
		{A1CF9357-E3D3-2976-1022-CEA993FBC304}.Debug|Any CPU.ActiveCfg = Debug|Any CPU
		{A1CF9357-E3D3-2976-1022-CEA993FBC304}.Debug|Any CPU.Build.0 = Debug|Any CPU
		{A1CF9357-E3D3-2976-1022-CEA993FBC304}.Release|Any CPU.ActiveCfg = Release|Any CPU
		{A1CF9357-E3D3-2976-1022-CEA993FBC304}.Release|Any CPU.Build.0 = Release|Any CPU
		{C45E22FE-FC94-A77F-2686-9357250E95C0}.Debug|Any CPU.ActiveCfg = Debug|Any CPU
		{C45E22FE-FC94-A77F-2686-9357250E95C0}.Debug|Any CPU.Build.0 = Debug|Any CPU
		{C45E22FE-FC94-A77F-2686-9357250E95C0}.Release|Any CPU.ActiveCfg = Release|Any CPU
		{C45E22FE-FC94-A77F-2686-9357250E95C0}.Release|Any CPU.Build.0 = Release|Any CPU
		{788F25AD-BB96-57C0-F930-ED83050AA3E9}.Debug|Any CPU.ActiveCfg = Debug|Any CPU
		{788F25AD-BB96-57C0-F930-ED83050AA3E9}.Debug|Any CPU.Build.0 = Debug|Any CPU
		{788F25AD-BB96-57C0-F930-ED83050AA3E9}.Release|Any CPU.ActiveCfg = Release|Any CPU
		{788F25AD-BB96-57C0-F930-ED83050AA3E9}.Release|Any CPU.Build.0 = Release|Any CPU
		{542CBCF3-CEC2-C27B-1B16-A0280BD6C981}.Debug|Any CPU.ActiveCfg = Debug|Any CPU
		{542CBCF3-CEC2-C27B-1B16-A0280BD6C981}.Debug|Any CPU.Build.0 = Debug|Any CPU
		{542CBCF3-CEC2-C27B-1B16-A0280BD6C981}.Release|Any CPU.ActiveCfg = Release|Any CPU
		{542CBCF3-CEC2-C27B-1B16-A0280BD6C981}.Release|Any CPU.Build.0 = Release|Any CPU
	EndGlobalSection
	GlobalSection(SolutionProperties) = preSolution
		HideSolutionNode = FALSE
	EndGlobalSection
EndGlobal
